
Microsoft Visual Studio Solution File, Format Version 12.00
Project("{FAE04EC0-301F-11D3-BF4B-00C04F79EFBC}") = "EpubToSpeech", "EpubToSpeech\EpubToSpeech.csproj", "{77D88582-5D73-4435-9BEE-869C3DCED771}"
EndProject
Global
	GlobalSection(SolutionConfigurationPlatforms) = preSolution
		Debug|Any CPU = Debug|Any CPU
		Release|Any CPU = Release|Any CPU
	EndGlobalSection
	GlobalSection(ProjectConfigurationPlatforms) = postSolution
		{77D88582-5D73-4435-9BEE-869C3DCED771}.Debug|Any CPU.ActiveCfg = Debug|Any CPU
		{77D88582-5D73-4435-9BEE-869C3DCED771}.Debug|Any CPU.Build.0 = Debug|Any CPU
		{77D88582-5D73-4435-9BEE-869C3DCED771}.Release|Any CPU.ActiveCfg = Release|Any CPU
		{77D88582-5D73-4435-9BEE-869C3DCED771}.Release|Any CPU.Build.0 = Release|Any CPU
	EndGlobalSection
EndGlobal
